
Microsoft Visual Studio Solution File, Format Version 12.00
# Visual Studio Version 17
VisualStudioVersion = 17.4.33213.308
MinimumVisualStudioVersion = 10.0.40219.1
Project("{FAE04EC0-301F-11D3-BF4B-00C04F79EFBC}") = "appeufiz.UWP", "appeufiz.UWP\appeufiz.UWP.csproj", "{E5B3DF3A-0022-4BFB-B349-46B1AE9DFFF8}"
EndProject
Project("{FAE04EC0-301F-11D3-BF4B-00C04F79EFBC}") = "appeufiz.Android", "appeufiz.Android\appeufiz.Android.csproj", "{53A07BA2-BEB2-4B71-B0C4-AF330AE22999}"
EndProject
Project("{FAE04EC0-301F-11D3-BF4B-00C04F79EFBC}") = "appeufiz.iOS", "appeufiz.iOS\appeufiz.iOS.csproj", "{D20545F9-019B-472E-812E-7AA00560B98A}"
EndProject
Project("{FAE04EC0-301F-11D3-BF4B-00C04F79EFBC}") = "appeufiz", "appeufiz\appeufiz.csproj", "{ADB7933A-8BB0-4CB4-92D9-17FDE6F29BD4}"
EndProject
Global
	GlobalSection(SolutionConfigurationPlatforms) = preSolution
		Debug|Any CPU = Debug|Any CPU
		Debug|ARM = Debug|ARM
		Debug|iPhone = Debug|iPhone
		Debug|iPhoneSimulator = Debug|iPhoneSimulator
		Debug|x64 = Debug|x64
		Debug|x86 = Debug|x86
		Release|Any CPU = Release|Any CPU
		Release|ARM = Release|ARM
		Release|iPhone = Release|iPhone
		Release|iPhoneSimulator = Release|iPhoneSimulator
		Release|x64 = Release|x64
		Release|x86 = Release|x86
	EndGlobalSection
	GlobalSection(ProjectConfigurationPlatforms) = postSolution
		{E5B3DF3A-0022-4BFB-B349-46B1AE9DFFF8}.Debug|Any CPU.ActiveCfg = Debug|x64
		{E5B3DF3A-0022-4BFB-B349-46B1AE9DFFF8}.Debug|Any CPU.Build.0 = Debug|x64
		{E5B3DF3A-0022-4BFB-B349-46B1AE9DFFF8}.Debug|Any CPU.Deploy.0 = Debug|x64
		{E5B3DF3A-0022-4BFB-B349-46B1AE9DFFF8}.Debug|ARM.ActiveCfg = Debug|ARM
		{E5B3DF3A-0022-4BFB-B349-46B1AE9DFFF8}.Debug|ARM.Build.0 = Debug|ARM
		{E5B3DF3A-0022-4BFB-B349-46B1AE9DFFF8}.Debug|ARM.Deploy.0 = Debug|ARM
		{E5B3DF3A-0022-4BFB-B349-46B1AE9DFFF8}.Debug|iPhone.ActiveCfg = Debug|x64
		{E5B3DF3A-0022-4BFB-B349-46B1AE9DFFF8}.Debug|iPhone.Build.0 = Debug|x64
		{E5B3DF3A-0022-4BFB-B349-46B1AE9DFFF8}.Debug|iPhone.Deploy.0 = Debug|x64
		{E5B3DF3A-0022-4BFB-B349-46B1AE9DFFF8}.Debug|iPhoneSimulator.ActiveCfg = Debug|x64
		{E5B3DF3A-0022-4BFB-B349-46B1AE9DFFF8}.Debug|iPhoneSimulator.Build.0 = Debug|x64
		{E5B3DF3A-0022-4BFB-B349-46B1AE9DFFF8}.Debug|iPhoneSimulator.Deploy.0 = Debug|x64
		{E5B3DF3A-0022-4BFB-B349-46B1AE9DFFF8}.Debug|x64.ActiveCfg = Debug|x64
		{E5B3DF3A-0022-4BFB-B349-46B1AE9DFFF8}.Debug|x64.Build.0 = Debug|x64
		{E5B3DF3A-0022-4BFB-B349-46B1AE9DFFF8}.Debug|x64.Deploy.0 = Debug|x64
		{E5B3DF3A-0022-4BFB-B349-46B1AE9DFFF8}.Debug|x86.ActiveCfg = Debug|x86
		{E5B3DF3A-0022-4BFB-B349-46B1AE9DFFF8}.Debug|x86.Build.0 = Debug|x86
		{E5B3DF3A-0022-4BFB-B349-46B1AE9DFFF8}.Debug|x86.Deploy.0 = Debug|x86
		{E5B3DF3A-0022-4BFB-B349-46B1AE9DFFF8}.Release|Any CPU.ActiveCfg = Release|x64
		{E5B3DF3A-0022-4BFB-B349-46B1AE9DFFF8}.Release|Any CPU.Build.0 = Release|x64
		{E5B3DF3A-0022-4BFB-B349-46B1AE9DFFF8}.Release|Any CPU.Deploy.0 = Release|x64
		{E5B3DF3A-0022-4BFB-B349-46B1AE9DFFF8}.Release|ARM.ActiveCfg = Release|ARM
		{E5B3DF3A-0022-4BFB-B349-46B1AE9DFFF8}.Release|ARM.Build.0 = Release|ARM
		{E5B3DF3A-0022-4BFB-B349-46B1AE9DFFF8}.Release|ARM.Deploy.0 = Release|ARM
		{E5B3DF3A-0022-4BFB-B349-46B1AE9DFFF8}.Release|iPhone.ActiveCfg = Release|x64
		{E5B3DF3A-0022-4BFB-B349-46B1AE9DFFF8}.Release|iPhone.Build.0 = Release|x64
		{E5B3DF3A-0022-4BFB-B349-46B1AE9DFFF8}.Release|iPhone.Deploy.0 = Release|x64
		{E5B3DF3A-0022-4BFB-B349-46B1AE9DFFF8}.Release|iPhoneSimulator.ActiveCfg = Release|x64
		{E5B3DF3A-0022-4BFB-B349-46B1AE9DFFF8}.Release|iPhoneSimulator.Build.0 = Release|x64
		{E5B3DF3A-0022-4BFB-B349-46B1AE9DFFF8}.Release|iPhoneSimulator.Deploy.0 = Release|x64
		{E5B3DF3A-0022-4BFB-B349-46B1AE9DFFF8}.Release|x64.ActiveCfg = Release|x64
		{E5B3DF3A-0022-4BFB-B349-46B1AE9DFFF8}.Release|x64.Build.0 = Release|x64
		{E5B3DF3A-0022-4BFB-B349-46B1AE9DFFF8}.Release|x64.Deploy.0 = Release|x64
		{E5B3DF3A-0022-4BFB-B349-46B1AE9DFFF8}.Release|x86.ActiveCfg = Release|x86
		{E5B3DF3A-0022-4BFB-B349-46B1AE9DFFF8}.Release|x86.Build.0 = Release|x86
		{E5B3DF3A-0022-4BFB-B349-46B1AE9DFFF8}.Release|x86.Deploy.0 = Release|x86
		{53A07BA2-BEB2-4B71-B0C4-AF330AE22999}.Debug|Any CPU.ActiveCfg = Debug|Any CPU
		{53A07BA2-BEB2-4B71-B0C4-AF330AE22999}.Debug|Any CPU.Build.0 = Debug|Any CPU
		{53A07BA2-BEB2-4B71-B0C4-AF330AE22999}.Debug|Any CPU.Deploy.0 = Debug|Any CPU
		{53A07BA2-BEB2-4B71-B0C4-AF330AE22999}.Debug|ARM.ActiveCfg = Debug|Any CPU
		{53A07BA2-BEB2-4B71-B0C4-AF330AE22999}.Debug|ARM.Build.0 = Debug|Any CPU
		{53A07BA2-BEB2-4B71-B0C4-AF330AE22999}.Debug|ARM.Deploy.0 = Debug|Any CPU
		{53A07BA2-BEB2-4B71-B0C4-AF330AE22999}.Debug|iPhone.ActiveCfg = Debug|Any CPU
		{53A07BA2-BEB2-4B71-B0C4-AF330AE22999}.Debug|iPhone.Build.0 = Debug|Any CPU
		{53A07BA2-BEB2-4B71-B0C4-AF330AE22999}.Debug|iPhone.Deploy.0 = Debug|Any CPU
		{53A07BA2-BEB2-4B71-B0C4-AF330AE22999}.Debug|iPhoneSimulator.ActiveCfg = Debug|Any CPU
		{53A07BA2-BEB2-4B71-B0C4-AF330AE22999}.Debug|iPhoneSimulator.Build.0 = Debug|Any CPU
		{53A07BA2-BEB2-4B71-B0C4-AF330AE22999}.Debug|iPhoneSimulator.Deploy.0 = Debug|Any CPU
		{53A07BA2-BEB2-4B71-B0C4-AF330AE22999}.Debug|x64.ActiveCfg = Debug|Any CPU
		{53A07BA2-BEB2-4B71-B0C4-AF330AE22999}.Debug|x64.Build.0 = Debug|Any CPU
		{53A07BA2-BEB2-4B71-B0C4-AF330AE22999}.Debug|x64.Deploy.0 = Debug|Any CPU
		{53A07BA2-BEB2-4B71-B0C4-AF330AE22999}.Debug|x86.ActiveCfg = Debug|Any CPU
		{53A07BA2-BEB2-4B71-B0C4-AF330AE22999}.Debug|x86.Build.0 = Debug|Any CPU
		{53A07BA2-BEB2-4B71-B0C4-AF330AE22999}.Debug|x86.Deploy.0 = Debug|Any CPU
		{53A07BA2-BEB2-4B71-B0C4-AF330AE22999}.Release|Any CPU.ActiveCfg = Release|Any CPU
		{53A07BA2-BEB2-4B71-B0C4-AF330AE22999}.Release|Any CPU.Build.0 = Release|Any CPU
		{53A07BA2-BEB2-4B71-B0C4-AF330AE22999}.Release|Any CPU.Deploy.0 = Release|Any CPU
		{53A07BA2-BEB2-4B71-B0C4-AF330AE22999}.Release|ARM.ActiveCfg = Release|Any CPU
		{53A07BA2-BEB2-4B71-B0C4-AF330AE22999}.Release|ARM.Build.0 = Release|Any CPU
		{53A07BA2-BEB2-4B71-B0C4-AF330AE22999}.Release|ARM.Deploy.0 = Release|Any CPU
		{53A07BA2-BEB2-4B71-B0C4-AF330AE22999}.Release|iPhone.ActiveCfg = Release|Any CPU
		{53A07BA2-BEB2-4B71-B0C4-AF330AE22999}.Release|iPhone.Build.0 = Release|Any CPU
		{53A07BA2-BEB2-4B71-B0C4-AF330AE22999}.Release|iPhone.Deploy.0 = Release|Any CPU
		{53A07BA2-BEB2-4B71-B0C4-AF330AE22999}.Release|iPhoneSimulator.ActiveCfg = Release|Any CPU
		{53A07BA2-BEB2-4B71-B0C4-AF330AE22999}.Release|iPhoneSimulator.Build.0 = Release|Any CPU
		{53A07BA2-BEB2-4B71-B0C4-AF330AE22999}.Release|iPhoneSimulator.Deploy.0 = Release|Any CPU
		{53A07BA2-BEB2-4B71-B0C4-AF330AE22999}.Release|x64.ActiveCfg = Release|Any CPU
		{53A07BA2-BEB2-4B71-B0C4-AF330AE22999}.Release|x64.Build.0 = Release|Any CPU
		{53A07BA2-BEB2-4B71-B0C4-AF330AE22999}.Release|x64.Deploy.0 = Release|Any CPU
		{53A07BA2-BEB2-4B71-B0C4-AF330AE22999}.Release|x86.ActiveCfg = Release|Any CPU
		{53A07BA2-BEB2-4B71-B0C4-AF330AE22999}.Release|x86.Build.0 = Release|Any CPU
		{53A07BA2-BEB2-4B71-B0C4-AF330AE22999}.Release|x86.Deploy.0 = Release|Any CPU
		{D20545F9-019B-472E-812E-7AA00560B98A}.Debug|Any CPU.ActiveCfg = Debug|iPhoneSimulator
		{D20545F9-019B-472E-812E-7AA00560B98A}.Debug|Any CPU.Build.0 = Debug|iPhoneSimulator
		{D20545F9-019B-472E-812E-7AA00560B98A}.Debug|Any CPU.Deploy.0 = Debug|iPhoneSimulator
		{D20545F9-019B-472E-812E-7AA00560B98A}.Debug|ARM.ActiveCfg = Debug|iPhoneSimulator
		{D20545F9-019B-472E-812E-7AA00560B98A}.Debug|ARM.Build.0 = Debug|iPhoneSimulator
		{D20545F9-019B-472E-812E-7AA00560B98A}.Debug|ARM.Deploy.0 = Debug|iPhoneSimulator
		{D20545F9-019B-472E-812E-7AA00560B98A}.Debug|iPhone.ActiveCfg = Debug|iPhone
		{D20545F9-019B-472E-812E-7AA00560B98A}.Debug|iPhone.Build.0 = Debug|iPhone
		{D20545F9-019B-472E-812E-7AA00560B98A}.Debug|iPhone.Deploy.0 = Debug|iPhone
		{D20545F9-019B-472E-812E-7AA00560B98A}.Debug|iPhoneSimulator.ActiveCfg = Debug|iPhoneSimulator
		{D20545F9-019B-472E-812E-7AA00560B98A}.Debug|iPhoneSimulator.Build.0 = Debug|iPhoneSimulator
		{D20545F9-019B-472E-812E-7AA00560B98A}.Debug|iPhoneSimulator.Deploy.0 = Debug|iPhoneSimulator
		{D20545F9-019B-472E-812E-7AA00560B98A}.Debug|x64.ActiveCfg = Debug|iPhone
		{D20545F9-019B-472E-812E-7AA00560B98A}.Debug|x64.Build.0 = Debug|iPhone
		{D20545F9-019B-472E-812E-7AA00560B98A}.Debug|x64.Deploy.0 = Debug|iPhone
		{D20545F9-019B-472E-812E-7AA00560B98A}.Debug|x86.ActiveCfg = Debug|iPhoneSimulator
		{D20545F9-019B-472E-812E-7AA00560B98A}.Debug|x86.Build.0 = Debug|iPhoneSimulator
		{D20545F9-019B-472E-812E-7AA00560B98A}.Debug|x86.Deploy.0 = Debug|iPhoneSimulator
		{D20545F9-019B-472E-812E-7AA00560B98A}.Release|Any CPU.ActiveCfg = Release|iPhoneSimulator
		{D20545F9-019B-472E-812E-7AA00560B98A}.Release|Any CPU.Build.0 = Release|iPhoneSimulator
		{D20545F9-019B-472E-812E-7AA00560B98A}.Release|Any CPU.Deploy.0 = Release|iPhoneSimulator
		{D20545F9-019B-472E-812E-7AA00560B98A}.Release|ARM.ActiveCfg = Release|iPhoneSimulator
		{D20545F9-019B-472E-812E-7AA00560B98A}.Release|ARM.Build.0 = Release|iPhoneSimulator
		{D20545F9-019B-472E-812E-7AA00560B98A}.Release|ARM.Deploy.0 = Release|iPhoneSimulator
		{D20545F9-019B-472E-812E-7AA00560B98A}.Release|iPhone.ActiveCfg = Release|iPhone
		{D20545F9-019B-472E-812E-7AA00560B98A}.Release|iPhone.Build.0 = Release|iPhone
		{D20545F9-019B-472E-812E-7AA00560B98A}.Release|iPhone.Deploy.0 = Release|iPhone
		{D20545F9-019B-472E-812E-7AA00560B98A}.Release|iPhoneSimulator.ActiveCfg = Release|iPhoneSimulator
		{D20545F9-019B-472E-812E-7AA00560B98A}.Release|iPhoneSimulator.Build.0 = Release|iPhoneSimulator
		{D20545F9-019B-472E-812E-7AA00560B98A}.Release|iPhoneSimulator.Deploy.0 = Release|iPhoneSimulator
		{D20545F9-019B-472E-812E-7AA00560B98A}.Release|x64.ActiveCfg = Release|iPhoneSimulator
		{D20545F9-019B-472E-812E-7AA00560B98A}.Release|x64.Build.0 = Release|iPhoneSimulator
		{D20545F9-019B-472E-812E-7AA00560B98A}.Release|x64.Deploy.0 = Release|iPhoneSimulator
		{D20545F9-019B-472E-812E-7AA00560B98A}.Release|x86.ActiveCfg = Release|iPhoneSimulator
		{D20545F9-019B-472E-812E-7AA00560B98A}.Release|x86.Build.0 = Release|iPhoneSimulator
		{D20545F9-019B-472E-812E-7AA00560B98A}.Release|x86.Deploy.0 = Release|iPhoneSimulator
		{ADB7933A-8BB0-4CB4-92D9-17FDE6F29BD4}.Debug|Any CPU.ActiveCfg = Debug|Any CPU
		{ADB7933A-8BB0-4CB4-92D9-17FDE6F29BD4}.Debug|Any CPU.Build.0 = Debug|Any CPU
		{ADB7933A-8BB0-4CB4-92D9-17FDE6F29BD4}.Debug|Any CPU.Deploy.0 = Debug|Any CPU
		{ADB7933A-8BB0-4CB4-92D9-17FDE6F29BD4}.Debug|ARM.ActiveCfg = Debug|Any CPU
		{ADB7933A-8BB0-4CB4-92D9-17FDE6F29BD4}.Debug|ARM.Build.0 = Debug|Any CPU
		{ADB7933A-8BB0-4CB4-92D9-17FDE6F29BD4}.Debug|ARM.Deploy.0 = Debug|Any CPU
		{ADB7933A-8BB0-4CB4-92D9-17FDE6F29BD4}.Debug|iPhone.ActiveCfg = Debug|Any CPU
		{ADB7933A-8BB0-4CB4-92D9-17FDE6F29BD4}.Debug|iPhone.Build.0 = Debug|Any CPU
		{ADB7933A-8BB0-4CB4-92D9-17FDE6F29BD4}.Debug|iPhone.Deploy.0 = Debug|Any CPU
		{ADB7933A-8BB0-4CB4-92D9-17FDE6F29BD4}.Debug|iPhoneSimulator.ActiveCfg = Debug|Any CPU
		{ADB7933A-8BB0-4CB4-92D9-17FDE6F29BD4}.Debug|iPhoneSimulator.Build.0 = Debug|Any CPU
		{ADB7933A-8BB0-4CB4-92D9-17FDE6F29BD4}.Debug|iPhoneSimulator.Deploy.0 = Debug|Any CPU
		{ADB7933A-8BB0-4CB4-92D9-17FDE6F29BD4}.Debug|x64.ActiveCfg = Debug|Any CPU
		{ADB7933A-8BB0-4CB4-92D9-17FDE6F29BD4}.Debug|x64.Build.0 = Debug|Any CPU
		{ADB7933A-8BB0-4CB4-92D9-17FDE6F29BD4}.Debug|x64.Deploy.0 = Debug|Any CPU
		{ADB7933A-8BB0-4CB4-92D9-17FDE6F29BD4}.Debug|x86.ActiveCfg = Debug|Any CPU
		{ADB7933A-8BB0-4CB4-92D9-17FDE6F29BD4}.Debug|x86.Build.0 = Debug|Any CPU
		{ADB7933A-8BB0-4CB4-92D9-17FDE6F29BD4}.Debug|x86.Deploy.0 = Debug|Any CPU
		{ADB7933A-8BB0-4CB4-92D9-17FDE6F29BD4}.Release|Any CPU.ActiveCfg = Release|Any CPU
		{ADB7933A-8BB0-4CB4-92D9-17FDE6F29BD4}.Release|Any CPU.Build.0 = Release|Any CPU
		{ADB7933A-8BB0-4CB4-92D9-17FDE6F29BD4}.Release|Any CPU.Deploy.0 = Release|Any CPU
		{ADB7933A-8BB0-4CB4-92D9-17FDE6F29BD4}.Release|ARM.ActiveCfg = Release|Any CPU
		{ADB7933A-8BB0-4CB4-92D9-17FDE6F29BD4}.Release|ARM.Build.0 = Release|Any CPU
		{ADB7933A-8BB0-4CB4-92D9-17FDE6F29BD4}.Release|ARM.Deploy.0 = Release|Any CPU
		{ADB7933A-8BB0-4CB4-92D9-17FDE6F29BD4}.Release|iPhone.ActiveCfg = Release|Any CPU
		{ADB7933A-8BB0-4CB4-92D9-17FDE6F29BD4}.Release|iPhone.Build.0 = Release|Any CPU
		{ADB7933A-8BB0-4CB4-92D9-17FDE6F29BD4}.Release|iPhone.Deploy.0 = Release|Any CPU
		{ADB7933A-8BB0-4CB4-92D9-17FDE6F29BD4}.Release|iPhoneSimulator.ActiveCfg = Release|Any CPU
		{ADB7933A-8BB0-4CB4-92D9-17FDE6F29BD4}.Release|iPhoneSimulator.Build.0 = Release|Any CPU
		{ADB7933A-8BB0-4CB4-92D9-17FDE6F29BD4}.Release|iPhoneSimulator.Deploy.0 = Release|Any CPU
		{ADB7933A-8BB0-4CB4-92D9-17FDE6F29BD4}.Release|x64.ActiveCfg = Release|Any CPU
		{ADB7933A-8BB0-4CB4-92D9-17FDE6F29BD4}.Release|x64.Build.0 = Release|Any CPU
		{ADB7933A-8BB0-4CB4-92D9-17FDE6F29BD4}.Release|x64.Deploy.0 = Release|Any CPU
		{ADB7933A-8BB0-4CB4-92D9-17FDE6F29BD4}.Release|x86.ActiveCfg = Release|Any CPU
		{ADB7933A-8BB0-4CB4-92D9-17FDE6F29BD4}.Release|x86.Build.0 = Release|Any CPU
		{ADB7933A-8BB0-4CB4-92D9-17FDE6F29BD4}.Release|x86.Deploy.0 = Release|Any CPU
	EndGlobalSection
	GlobalSection(SolutionProperties) = preSolution
		HideSolutionNode = FALSE
	EndGlobalSection
	GlobalSection(ExtensibilityGlobals) = postSolution
		SolutionGuid = {A3978942-AAB9-4BEE-ABB5-6AA0DC06A10D}
	EndGlobalSection
EndGlobal
